
Microsoft Visual Studio Solution File, Format Version 11.00
# Visual Studio 2010
Project("{FAE04EC0-301F-11D3-BF4B-00C04F79EFBC}") = "WebService", "WebService\WebService.csproj", "{3E0007E0-4FE6-4FF1-82CB-66B141D31A00}"
EndProject
Global
	GlobalSection(SolutionConfigurationPlatforms) = preSolution
		Debug|Any CPU = Debug|Any CPU
		Release|Any CPU = Release|Any CPU
	EndGlobalSection
	GlobalSection(ProjectConfigurationPlatforms) = postSolution
		{3E0007E0-4FE6-4FF1-82CB-66B141D31A00}.Debug|Any CPU.ActiveCfg = Debug|Any CPU
		{3E0007E0-4FE6-4FF1-82CB-66B141D31A00}.Debug|Any CPU.Build.0 = Debug|Any CPU
		{3E0007E0-4FE6-4FF1-82CB-66B141D31A00}.Release|Any CPU.ActiveCfg = Release|Any CPU
		{3E0007E0-4FE6-4FF1-82CB-66B141D31A00}.Release|Any CPU.Build.0 = Release|Any CPU
	EndGlobalSection
	GlobalSection(SolutionProperties) = preSolution
		HideSolutionNode = FALSE
	EndGlobalSection
EndGlobal
